# THIS IS AN AUTOGENERATED FILE. DO NOT EDIT THIS FILE DIRECTLY.
# yarn lockfile v1


"@types/bluebird@*":
  version "3.5.11"
  resolved "https://registry.yarnpkg.com/@types/bluebird/-/bluebird-3.5.11.tgz#60482b3cddce9111dee3cafd08ab54fffee4b119"

"@types/cheerio@^0.22.2":
  version "0.22.2"
  resolved "https://registry.yarnpkg.com/@types/cheerio/-/cheerio-0.22.2.tgz#539625874bc856086ad491c2fdc9b10c05ae308e"

"@types/express-serve-static-core@*":
  version "4.0.52"
  resolved "https://registry.yarnpkg.com/@types/express-serve-static-core/-/express-serve-static-core-4.0.52.tgz#77ab67fffc402ff6e480c87c71d799ba79880223"
  dependencies:
    "@types/node" "*"

"@types/express@*":
  version "4.0.37"
  resolved "https://registry.yarnpkg.com/@types/express/-/express-4.0.37.tgz#625ac3765169676e01897ca47011c26375784971"
  dependencies:
    "@types/express-serve-static-core" "*"
    "@types/serve-static" "*"

"@types/form-data@*":
  version "2.2.0"
  resolved "https://registry.yarnpkg.com/@types/form-data/-/form-data-2.2.0.tgz#a98aac91dc99857b6af24caef7ca6df302f31565"
  dependencies:
    "@types/node" "*"

"@types/js-priority-queue@^0.0.5":
  version "0.0.5"
  resolved "https://registry.yarnpkg.com/@types/js-priority-queue/-/js-priority-queue-0.0.5.tgz#71065323ae2b87c168ec6a553bf074e29d985e53"

"@types/kue@^0.11.6":
  version "0.11.6"
  resolved "https://registry.yarnpkg.com/@types/kue/-/kue-0.11.6.tgz#9666766e71589582df6d7ffccb8366f3a0f5210c"
  dependencies:
    "@types/express" "*"
    "@types/node" "*"
    "@types/redis" "*"

"@types/mime@*":
  version "1.3.1"
  resolved "https://registry.yarnpkg.com/@types/mime/-/mime-1.3.1.tgz#2cf42972d0931c1060c7d5fa6627fce6bd876f2f"

"@types/node@*", "@types/node@^8.0.28":
  version "8.0.28"
  resolved "https://registry.yarnpkg.com/@types/node/-/node-8.0.28.tgz#86206716f8d9251cf41692e384264cbd7058ad60"

"@types/redis@*":
  version "2.6.0"
  resolved "https://registry.yarnpkg.com/@types/redis/-/redis-2.6.0.tgz#7f01fdec1ba353e9ce7e8439807a43de61760c53"
  dependencies:
    "@types/node" "*"

"@types/request-promise@^4.1.37":
  version "4.1.37"
  resolved "https://registry.yarnpkg.com/@types/request-promise/-/request-promise-4.1.37.tgz#2361dd0d665996d4701daae200005fffbf43c773"
  dependencies:
    "@types/bluebird" "*"
    "@types/request" "*"

"@types/request@*", "@types/request@^2.0.3":
  version "2.0.3"
  resolved "https://registry.yarnpkg.com/@types/request/-/request-2.0.3.tgz#bdf0fba9488c822f77e97de3dd8fe357b2fb8c06"
  dependencies:
    "@types/form-data" "*"
    "@types/node" "*"

"@types/serve-static@*":
  version "1.7.32"
  resolved "https://registry.yarnpkg.com/@types/serve-static/-/serve-static-1.7.32.tgz#0f6732e4dab0813771dd8fc8fe14940f34728b4c"
  dependencies:
    "@types/express-serve-static-core" "*"
    "@types/mime" "*"

"@types/xmldom@^0.1.29":
  version "0.1.29"
  resolved "https://registry.yarnpkg.com/@types/xmldom/-/xmldom-0.1.29.tgz#c4428b0ca86d3b881475726fd94980b38a27c381"

bluebird@^3.5.0:
  version "3.5.0"
  resolved "https://registry.yarnpkg.com/bluebird/-/bluebird-3.5.0.tgz#791420d7f551eea2897453a8a77653f96606d67c"

js-priority-queue@^0.1.5:
  version "0.1.5"
  resolved "https://registry.yarnpkg.com/js-priority-queue/-/js-priority-queue-0.1.5.tgz#f71e9b2120c91e8a1ddab3b7d347dac01d81e837"

lodash@^4.13.1:
  version "4.17.4"
  resolved "https://registry.yarnpkg.com/lodash/-/lodash-4.17.4.tgz#78203a4d1c328ae1d86dca6460e369b57f4055ae"

punycode@^1.4.1:
  version "1.4.1"
  resolved "https://registry.yarnpkg.com/punycode/-/punycode-1.4.1.tgz#c0d5a63b2718800ad8e1eb0fa5269c84dd41845e"

request-promise-core@1.1.1:
  version "1.1.1"
  resolved "https://registry.yarnpkg.com/request-promise-core/-/request-promise-core-1.1.1.tgz#3eee00b2c5aa83239cfb04c5700da36f81cd08b6"
  dependencies:
    lodash "^4.13.1"

request-promise@^4.2.1:
  version "4.2.1"
  resolved "https://registry.yarnpkg.com/request-promise/-/request-promise-4.2.1.tgz#7eec56c89317a822cbfea99b039ce543c2e15f67"
  dependencies:
    bluebird "^3.5.0"
    request-promise-core "1.1.1"
    stealthy-require "^1.1.0"
    tough-cookie ">=2.3.0"

stealthy-require@^1.1.0:
  version "1.1.1"
  resolved "https://registry.yarnpkg.com/stealthy-require/-/stealthy-require-1.1.1.tgz#35b09875b4ff49f26a777e509b3090a3226bf24b"

tough-cookie@>=2.3.0:
  version "2.3.2"
  resolved "https://registry.yarnpkg.com/tough-cookie/-/tough-cookie-2.3.2.tgz#f081f76e4c85720e6c37a5faced737150d84072a"
  dependencies:
    punycode "^1.4.1"
